
Microsoft Visual Studio Solution File, Format Version 12.00
# Visual Studio 15
VisualStudioVersion = 15.0.28307.572
MinimumVisualStudioVersion = 10.0.40219.1
Project("{FAE04EC0-301F-11D3-BF4B-00C04F79EFBC}") = "mvct1", "mvct1\mvct1.csproj", "{5C0D899B-ED3B-4BEE-ABB9-1E1001BF722A}"
EndProject
Global
	GlobalSection(SolutionConfigurationPlatforms) = preSolution
		Debug|Any CPU = Debug|Any CPU
		Release|Any CPU = Release|Any CPU
	EndGlobalSection
	GlobalSection(ProjectConfigurationPlatforms) = postSolution
		{5C0D899B-ED3B-4BEE-ABB9-1E1001BF722A}.Debug|Any CPU.ActiveCfg = Debug|Any CPU
		{5C0D899B-ED3B-4BEE-ABB9-1E1001BF722A}.Debug|Any CPU.Build.0 = Debug|Any CPU
		{5C0D899B-ED3B-4BEE-ABB9-1E1001BF722A}.Release|Any CPU.ActiveCfg = Release|Any CPU
		{5C0D899B-ED3B-4BEE-ABB9-1E1001BF722A}.Release|Any CPU.Build.0 = Release|Any CPU
	EndGlobalSection
	GlobalSection(SolutionProperties) = preSolution
		HideSolutionNode = FALSE
	EndGlobalSection
	GlobalSection(ExtensibilityGlobals) = postSolution
		SolutionGuid = {31295AA9-9F8C-4A7D-8AD3-0932D0EBD1B6}
	EndGlobalSection
EndGlobal
